// !$*UTF8*$!
{
	archiveVersion = 1;
	classes = {
	};
	objectVersion = 50;
	objects = {

/* Begin PBXBuildFile section */
		92DA1CF72217FF5C00454B05 /* AppDelegate.swift in Sources */ = {isa = PBXBuildFile; fileRef = 92DA1CF62217FF5C00454B05 /* AppDelegate.swift */; };
		92DA1CF92217FF5C00454B05 /* LaunchVC.swift in Sources */ = {isa = PBXBuildFile; fileRef = 92DA1CF82217FF5C00454B05 /* LaunchVC.swift */; };
		92DA1CFC2217FF5C00454B05 /* Main.storyboard in Resources */ = {isa = PBXBuildFile; fileRef = 92DA1CFA2217FF5C00454B05 /* Main.storyboard */; };
		92DA1CFE2217FF5D00454B05 /* Assets.xcassets in Resources */ = {isa = PBXBuildFile; fileRef = 92DA1CFD2217FF5D00454B05 /* Assets.xcassets */; };
		92DA1D012217FF5D00454B05 /* LaunchScreen.storyboard in Resources */ = {isa = PBXBuildFile; fileRef = 92DA1CFF2217FF5D00454B05 /* LaunchScreen.storyboard */; };
		92DA1D0E221802A600454B05 /* Theme.swift in Sources */ = {isa = PBXBuildFile; fileRef = 92DA1D0D221802A600454B05 /* Theme.swift */; };
		92DA1D11221808AB00454B05 /* GradientBtn.swift in Sources */ = {isa = PBXBuildFile; fileRef = 92DA1D10221808AB00454B05 /* GradientBtn.swift */; };
		92DA1D1322180A3700454B05 /* LogoView.swift in Sources */ = {isa = PBXBuildFile; fileRef = 92DA1D1222180A3700454B05 /* LogoView.swift */; };
		92DA1D1A2218497F00454B05 /* LoginVC.swift in Sources */ = {isa = PBXBuildFile; fileRef = 92DA1D192218497F00454B05 /* LoginVC.swift */; };
		92DA1D1C2218499100454B05 /* SignupVC.swift in Sources */ = {isa = PBXBuildFile; fileRef = 92DA1D1B2218499100454B05 /* SignupVC.swift */; };
		C488AA63A595AE5F154877D6 /* Pods_e_commerce.framework in Frameworks */ = {isa = PBXBuildFile; fileRef = F73F4CD132CE3B1462D40511 /* Pods_e_commerce.framework */; };
/* End PBXBuildFile section */

/* Begin PBXFileReference section */
		568B29E74468A7BF56C2460D /* Pods-e-commerce.release.xcconfig */ = {isa = PBXFileReference; includeInIndex = 1; lastKnownFileType = text.xcconfig; name = "Pods-e-commerce.release.xcconfig"; path = "Pods/Target Support Files/Pods-e-commerce/Pods-e-commerce.release.xcconfig"; sourceTree = "<group>"; };
		92DA1CF32217FF5C00454B05 /* e-commerce.app */ = {isa = PBXFileReference; explicitFileType = wrapper.application; includeInIndex = 0; path = "e-commerce.app"; sourceTree = BUILT_PRODUCTS_DIR; };
		92DA1CF62217FF5C00454B05 /* AppDelegate.swift */ = {isa = PBXFileReference; lastKnownFileType = sourcecode.swift; path = AppDelegate.swift; sourceTree = "<group>"; };
		92DA1CF82217FF5C00454B05 /* LaunchVC.swift */ = {isa = PBXFileReference; lastKnownFileType = sourcecode.swift; path = LaunchVC.swift; sourceTree = "<group>"; };
		92DA1CFB2217FF5C00454B05 /* Base */ = {isa = PBXFileReference; lastKnownFileType = file.storyboard; name = Base; path = Base.lproj/Main.storyboard; sourceTree = "<group>"; };
		92DA1CFD2217FF5D00454B05 /* Assets.xcassets */ = {isa = PBXFileReference; lastKnownFileType = folder.assetcatalog; path = Assets.xcassets; sourceTree = "<group>"; };
		92DA1D002217FF5D00454B05 /* Base */ = {isa = PBXFileReference; lastKnownFileType = file.storyboard; name = Base; path = Base.lproj/LaunchScreen.storyboard; sourceTree = "<group>"; };
		92DA1D022217FF5D00454B05 /* Info.plist */ = {isa = PBXFileReference; lastKnownFileType = text.plist.xml; path = Info.plist; sourceTree = "<group>"; };
		92DA1D0D221802A600454B05 /* Theme.swift */ = {isa = PBXFileReference; lastKnownFileType = sourcecode.swift; path = Theme.swift; sourceTree = "<group>"; };
		92DA1D10221808AB00454B05 /* GradientBtn.swift */ = {isa = PBXFileReference; lastKnownFileType = sourcecode.swift; path = GradientBtn.swift; sourceTree = "<group>"; };
		92DA1D1222180A3700454B05 /* LogoView.swift */ = {isa = PBXFileReference; lastKnownFileType = sourcecode.swift; path = LogoView.swift; sourceTree = "<group>"; };
		92DA1D192218497F00454B05 /* LoginVC.swift */ = {isa = PBXFileReference; lastKnownFileType = sourcecode.swift; path = LoginVC.swift; sourceTree = "<group>"; };
		92DA1D1B2218499100454B05 /* SignupVC.swift */ = {isa = PBXFileReference; lastKnownFileType = sourcecode.swift; path = SignupVC.swift; sourceTree = "<group>"; };
		C3693213D5DEA70FB4E25C17 /* Pods-e-commerce.debug.xcconfig */ = {isa = PBXFileReference; includeInIndex = 1; lastKnownFileType = text.xcconfig; name = "Pods-e-commerce.debug.xcconfig"; path = "Pods/Target Support Files/Pods-e-commerce/Pods-e-commerce.debug.xcconfig"; sourceTree = "<group>"; };
		F73F4CD132CE3B1462D40511 /* Pods_e_commerce.framework */ = {isa = PBXFileReference; explicitFileType = wrapper.framework; includeInIndex = 0; path = Pods_e_commerce.framework; sourceTree = BUILT_PRODUCTS_DIR; };
/* End PBXFileReference section */

/* Begin PBXFrameworksBuildPhase section */
		92DA1CF02217FF5C00454B05 /* Frameworks */ = {
			isa = PBXFrameworksBuildPhase;
			buildActionMask = 2147483647;
			files = (
				C488AA63A595AE5F154877D6 /* Pods_e_commerce.framework in Frameworks */,
			);
			runOnlyForDeploymentPostprocessing = 0;
		};
/* End PBXFrameworksBuildPhase section */

/* Begin PBXGroup section */
		2E5EDAB96BD8A183B4A81372 /* Frameworks */ = {
			isa = PBXGroup;
			children = (
				F73F4CD132CE3B1462D40511 /* Pods_e_commerce.framework */,
			);
			name = Frameworks;
			sourceTree = "<group>";
		};
		92DA1CEA2217FF5C00454B05 = {
			isa = PBXGroup;
			children = (
				92DA1CF52217FF5C00454B05 /* e-commerce */,
				92DA1CF42217FF5C00454B05 /* Products */,
				C0C578B0E4E115E95E66D3F3 /* Pods */,
				2E5EDAB96BD8A183B4A81372 /* Frameworks */,
			);
			sourceTree = "<group>";
		};
		92DA1CF42217FF5C00454B05 /* Products */ = {
			isa = PBXGroup;
			children = (
				92DA1CF32217FF5C00454B05 /* e-commerce.app */,
			);
			name = Products;
			sourceTree = "<group>";
		};
		92DA1CF52217FF5C00454B05 /* e-commerce */ = {
			isa = PBXGroup;
			children = (
				92DA1D0B2218025600454B05 /* Resources */,
				92DA1D0A2217FF9700454B05 /* Model */,
				92DA1D092217FF8700454B05 /* View */,
				92DA1D082217FF7C00454B05 /* Controller */,
				92DA1D0C2218026E00454B05 /* Storyboard */,
				92DA1CF62217FF5C00454B05 /* AppDelegate.swift */,
				92DA1CFD2217FF5D00454B05 /* Assets.xcassets */,
				92DA1D022217FF5D00454B05 /* Info.plist */,
			);
			path = "e-commerce";
			sourceTree = "<group>";
		};
		92DA1D082217FF7C00454B05 /* Controller */ = {
			isa = PBXGroup;
			children = (
				92DA1CF82217FF5C00454B05 /* LaunchVC.swift */,
				92DA1D192218497F00454B05 /* LoginVC.swift */,
				92DA1D1B2218499100454B05 /* SignupVC.swift */,
			);
			path = Controller;
			sourceTree = "<group>";
		};
		92DA1D092217FF8700454B05 /* View */ = {
			isa = PBXGroup;
			children = (
				92DA1D0F2218088F00454B05 /* UI */,
			);
			path = View;
			sourceTree = "<group>";
		};
		92DA1D0A2217FF9700454B05 /* Model */ = {
			isa = PBXGroup;
			children = (
			);
			path = Model;
			sourceTree = "<group>";
		};
		92DA1D0B2218025600454B05 /* Resources */ = {
			isa = PBXGroup;
			children = (
				92DA1D0D221802A600454B05 /* Theme.swift */,
			);
			path = Resources;
			sourceTree = "<group>";
		};
		92DA1D0C2218026E00454B05 /* Storyboard */ = {
			isa = PBXGroup;
			children = (
				92DA1CFA2217FF5C00454B05 /* Main.storyboard */,
				92DA1CFF2217FF5D00454B05 /* LaunchScreen.storyboard */,
			);
			path = Storyboard;
			sourceTree = "<group>";
		};
		92DA1D0F2218088F00454B05 /* UI */ = {
			isa = PBXGroup;
			children = (
				92DA1D10221808AB00454B05 /* GradientBtn.swift */,
				92DA1D1222180A3700454B05 /* LogoView.swift */,
			);
			path = UI;
			sourceTree = "<group>";
		};
		C0C578B0E4E115E95E66D3F3 /* Pods */ = {
			isa = PBXGroup;
			children = (
				C3693213D5DEA70FB4E25C17 /* Pods-e-commerce.debug.xcconfig */,
				568B29E74468A7BF56C2460D /* Pods-e-commerce.release.xcconfig */,
			);
			name = Pods;
			sourceTree = "<group>";
		};
/* End PBXGroup section */

/* Begin PBXNativeTarget section */
		92DA1CF22217FF5C00454B05 /* e-commerce */ = {
			isa = PBXNativeTarget;
			buildConfigurationList = 92DA1D052217FF5D00454B05 /* Build configuration list for PBXNativeTarget "e-commerce" */;
			buildPhases = (
				98E3B3A4529CBBA3FD93C29B /* [CP] Check Pods Manifest.lock */,
				92DA1CEF2217FF5C00454B05 /* Sources */,
				92DA1CF02217FF5C00454B05 /* Frameworks */,
				92DA1CF12217FF5C00454B05 /* Resources */,
				74FA565C2D87CE55EDE01A45 /* [CP] Embed Pods Frameworks */,
			);
			buildRules = (
			);
			dependencies = (
			);
			name = "e-commerce";
			productName = "e-commerce";
			productReference = 92DA1CF32217FF5C00454B05 /* e-commerce.app */;
			productType = "com.apple.product-type.application";
		};
/* End PBXNativeTarget section */

/* Begin PBXProject section */
		92DA1CEB2217FF5C00454B05 /* Project object */ = {
			isa = PBXProject;
			attributes = {
				LastSwiftUpdateCheck = 1010;
				LastUpgradeCheck = 1010;
				ORGANIZATIONNAME = "Aman Chawla";
				TargetAttributes = {
					92DA1CF22217FF5C00454B05 = {
						CreatedOnToolsVersion = 10.1;
					};
				};
			};
			buildConfigurationList = 92DA1CEE2217FF5C00454B05 /* Build configuration list for PBXProject "e-commerce" */;
			compatibilityVersion = "Xcode 9.3";
			developmentRegion = en;
			hasScannedForEncodings = 0;
			knownRegions = (
				en,
				Base,
			);
			mainGroup = 92DA1CEA2217FF5C00454B05;
			productRefGroup = 92DA1CF42217FF5C00454B05 /* Products */;
			projectDirPath = "";
			projectRoot = "";
			targets = (
				92DA1CF22217FF5C00454B05 /* e-commerce */,
			);
		};
/* End PBXProject section */

/* Begin PBXResourcesBuildPhase section */
		92DA1CF12217FF5C00454B05 /* Resources */ = {
			isa = PBXResourcesBuildPhase;
			buildActionMask = 2147483647;
			files = (
				92DA1D012217FF5D00454B05 /* LaunchScreen.storyboard in Resources */,
				92DA1CFE2217FF5D00454B05 /* Assets.xcassets in Resources */,
				92DA1CFC2217FF5C00454B05 /* Main.storyboard in Resources */,
			);
			runOnlyForDeploymentPostprocessing = 0;
		};
/* End PBXResourcesBuildPhase section */

/* Begin PBXShellScriptBuildPhase section */
		74FA565C2D87CE55EDE01A45 /* [CP] Embed Pods Frameworks */ = {
			isa = PBXShellScriptBuildPhase;
			buildActionMask = 2147483647;
			files = (
			);
			inputFileListPaths = (
			);
			inputPaths = (
				"${SRCROOT}/Pods/Target Support Files/Pods-e-commerce/Pods-e-commerce-frameworks.sh",
				"${BUILT_PRODUCTS_DIR}/Alamofire/Alamofire.framework",
				"${BUILT_PRODUCTS_DIR}/IQKeyboardManagerSwift/IQKeyboardManagerSwift.framework",
			);
			name = "[CP] Embed Pods Frameworks";
			outputFileListPaths = (
			);
			outputPaths = (
				"${TARGET_BUILD_DIR}/${FRAMEWORKS_FOLDER_PATH}/Alamofire.framework",
				"${TARGET_BUILD_DIR}/${FRAMEWORKS_FOLDER_PATH}/IQKeyboardManagerSwift.framework",
			);
			runOnlyForDeploymentPostprocessing = 0;
			shellPath = /bin/sh;
			shellScript = "\"${SRCROOT}/Pods/Target Support Files/Pods-e-commerce/Pods-e-commerce-frameworks.sh\"\n";
			showEnvVarsInLog = 0;
		};
		98E3B3A4529CBBA3FD93C29B /* [CP] Check Pods Manifest.lock */ = {
			isa = PBXShellScriptBuildPhase;
			buildActionMask = 2147483647;
			files = (
			);
			inputFileListPaths = (
			);
			inputPaths = (
				"${PODS_PODFILE_DIR_PATH}/Podfile.lock",
				"${PODS_ROOT}/Manifest.lock",
			);
			name = "[CP] Check Pods Manifest.lock";
			outputFileListPaths = (
			);
			outputPaths = (
				"$(DERIVED_FILE_DIR)/Pods-e-commerce-checkManifestLockResult.txt",
			);
			runOnlyForDeploymentPostprocessing = 0;
			shellPath = /bin/sh;
			shellScript = "diff \"${PODS_PODFILE_DIR_PATH}/Podfile.lock\" \"${PODS_ROOT}/Manifest.lock\" > /dev/null\nif [ $? != 0 ] ; then\n    # print error to STDERR\n    echo \"error: The sandbox is not in sync with the Podfile.lock. Run 'pod install' or update your CocoaPods installation.\" >&2\n    exit 1\nfi\n# This output is used by Xcode 'outputs' to avoid re-running this script phase.\necho \"SUCCESS\" > \"${SCRIPT_OUTPUT_FILE_0}\"\n";
			showEnvVarsInLog = 0;
		};
/* End PBXShellScriptBuildPhase section */

/* Begin PBXSourcesBuildPhase section */
		92DA1CEF2217FF5C00454B05 /* Sources */ = {
			isa = PBXSourcesBuildPhase;
			buildActionMask = 2147483647;
			files = (
				92DA1D1322180A3700454B05 /* LogoView.swift in Sources */,
				92DA1D0E221802A600454B05 /* Theme.swift in Sources */,
				92DA1D1A2218497F00454B05 /* LoginVC.swift in Sources */,
				92DA1CF92217FF5C00454B05 /* LaunchVC.swift in Sources */,
				92DA1D11221808AB00454B05 /* GradientBtn.swift in Sources */,
				92DA1D1C2218499100454B05 /* SignupVC.swift in Sources */,
				92DA1CF72217FF5C00454B05 /* AppDelegate.swift in Sources */,
			);
			runOnlyForDeploymentPostprocessing = 0;
		};
/* End PBXSourcesBuildPhase section */

/* Begin PBXVariantGroup section */
		92DA1CFA2217FF5C00454B05 /* Main.storyboard */ = {
			isa = PBXVariantGroup;
			children = (
				92DA1CFB2217FF5C00454B05 /* Base */,
			);
			name = Main.storyboard;
			sourceTree = "<group>";
		};
		92DA1CFF2217FF5D00454B05 /* LaunchScreen.storyboard */ = {
			isa = PBXVariantGroup;
			children = (
				92DA1D002217FF5D00454B05 /* Base */,
			);
			name = LaunchScreen.storyboard;
			sourceTree = "<group>";
		};
/* End PBXVariantGroup section */

/* Begin XCBuildConfiguration section */
		92DA1D032217FF5D00454B05 /* Debug */ = {
			isa = XCBuildConfiguration;
			buildSettings = {
				ALWAYS_SEARCH_USER_PATHS = NO;
				CLANG_ANALYZER_NONNULL = YES;
				CLANG_ANALYZER_NUMBER_OBJECT_CONVERSION = YES_AGGRESSIVE;
				CLANG_CXX_LANGUAGE_STANDARD = "gnu++14";
				CLANG_CXX_LIBRARY = "libc++";
				CLANG_ENABLE_MODULES = YES;
				CLANG_ENABLE_OBJC_ARC = YES;
				CLANG_ENABLE_OBJC_WEAK = YES;
				CLANG_WARN_BLOCK_CAPTURE_AUTORELEASING = YES;
				CLANG_WARN_BOOL_CONVERSION = YES;
				CLANG_WARN_COMMA = YES;
				CLANG_WARN_CONSTANT_CONVERSION = YES;
				CLANG_WARN_DEPRECATED_OBJC_IMPLEMENTATIONS = YES;
				CLANG_WARN_DIRECT_OBJC_ISA_USAGE = YES_ERROR;
				CLANG_WARN_DOCUMENTATION_COMMENTS = YES;
				CLANG_WARN_EMPTY_BODY = YES;
				CLANG_WARN_ENUM_CONVERSION = YES;
				CLANG_WARN_INFINITE_RECURSION = YES;
				CLANG_WARN_INT_CONVERSION = YES;
				CLANG_WARN_NON_LITERAL_NULL_CONVERSION = YES;
				CLANG_WARN_OBJC_IMPLICIT_RETAIN_SELF = YES;
				CLANG_WARN_OBJC_LITERAL_CONVERSION = YES;
				CLANG_WARN_OBJC_ROOT_CLASS = YES_ERROR;
				CLANG_WARN_RANGE_LOOP_ANALYSIS = YES;
				CLANG_WARN_STRICT_PROTOTYPES = YES;
				CLANG_WARN_SUSPICIOUS_MOVE = YES;
				CLANG_WARN_UNGUARDED_AVAILABILITY = YES_AGGRESSIVE;
				CLANG_WARN_UNREACHABLE_CODE = YES;
				CLANG_WARN__DUPLICATE_METHOD_MATCH = YES;
				CODE_SIGN_IDENTITY = "iPhone Developer";
				COPY_PHASE_STRIP = NO;
				DEBUG_INFORMATION_FORMAT = dwarf;
				ENABLE_STRICT_OBJC_MSGSEND = YES;
				ENABLE_TESTABILITY = YES;
				GCC_C_LANGUAGE_STANDARD = gnu11;
				GCC_DYNAMIC_NO_PIC = NO;
				GCC_NO_COMMON_BLOCKS = YES;
				GCC_OPTIMIZATION_LEVEL = 0;
				GCC_PREPROCESSOR_DEFINITIONS = (
					"DEBUG=1",
					"$(inherited)",
				);
				GCC_WARN_64_TO_32_BIT_CONVERSION = YES;
				GCC_WARN_ABOUT_RETURN_TYPE = YES_ERROR;
				GCC_WARN_UNDECLARED_SELECTOR = YES;
				GCC_WARN_UNINITIALIZED_AUTOS = YES_AGGRESSIVE;
				GCC_WARN_UNUSED_FUNCTION = YES;
				GCC_WARN_UNUSED_VARIABLE = YES;
				IPHONEOS_DEPLOYMENT_TARGET = 12.1;
				MTL_ENABLE_DEBUG_INFO = INCLUDE_SOURCE;
				MTL_FAST_MATH = YES;
				ONLY_ACTIVE_ARCH = YES;
				SDKROOT = iphoneos;
				SWIFT_ACTIVE_COMPILATION_CONDITIONS = DEBUG;
				SWIFT_OPTIMIZATION_LEVEL = "-Onone";
			};
			name = Debug;
		};
		92DA1D042217FF5D00454B05 /* Release */ = {
			isa = XCBuildConfiguration;
			buildSettings = {
				ALWAYS_SEARCH_USER_PATHS = NO;
				CLANG_ANALYZER_NONNULL = YES;
				CLANG_ANALYZER_NUMBER_OBJECT_CONVERSION = YES_AGGRESSIVE;
				CLANG_CXX_LANGUAGE_STANDARD = "gnu++14";
				CLANG_CXX_LIBRARY = "libc++";
				CLANG_ENABLE_MODULES = YES;
				CLANG_ENABLE_OBJC_ARC = YES;
				CLANG_ENABLE_OBJC_WEAK = YES;
				CLANG_WARN_BLOCK_CAPTURE_AUTORELEASING = YES;
				CLANG_WARN_BOOL_CONVERSION = YES;
				CLANG_WARN_COMMA = YES;
				CLANG_WARN_CONSTANT_CONVERSION = YES;
				CLANG_WARN_DEPRECATED_OBJC_IMPLEMENTATIONS = YES;
				CLANG_WARN_DIRECT_OBJC_ISA_USAGE = YES_ERROR;
				CLANG_WARN_DOCUMENTATION_COMMENTS = YES;
				CLANG_WARN_EMPTY_BODY = YES;
				CLANG_WARN_ENUM_CONVERSION = YES;
				CLANG_WARN_INFINITE_RECURSION = YES;
				CLANG_WARN_INT_CONVERSION = YES;
				CLANG_WARN_NON_LITERAL_NULL_CONVERSION = YES;
				CLANG_WARN_OBJC_IMPLICIT_RETAIN_SELF = YES;
				CLANG_WARN_OBJC_LITERAL_CONVERSION = YES;
				CLANG_WARN_OBJC_ROOT_CLASS = YES_ERROR;
				CLANG_WARN_RANGE_LOOP_ANALYSIS = YES;
				CLANG_WARN_STRICT_PROTOTYPES = YES;
				CLANG_WARN_SUSPICIOUS_MOVE = YES;
				CLANG_WARN_UNGUARDED_AVAILABILITY = YES_AGGRESSIVE;
				CLANG_WARN_UNREACHABLE_CODE = YES;
				CLANG_WARN__DUPLICATE_METHOD_MATCH = YES;
				CODE_SIGN_IDENTITY = "iPhone Developer";
				COPY_PHASE_STRIP = NO;
				DEBUG_INFORMATION_FORMAT = "dwarf-with-dsym";
				ENABLE_NS_ASSERTIONS = NO;
				ENABLE_STRICT_OBJC_MSGSEND = YES;
				GCC_C_LANGUAGE_STANDARD = gnu11;
				GCC_NO_COMMON_BLOCKS = YES;
				GCC_WARN_64_TO_32_BIT_CONVERSION = YES;
				GCC_WARN_ABOUT_RETURN_TYPE = YES_ERROR;
				GCC_WARN_UNDECLARED_SELECTOR = YES;
				GCC_WARN_UNINITIALIZED_AUTOS = YES_AGGRESSIVE;
				GCC_WARN_UNUSED_FUNCTION = YES;
				GCC_WARN_UNUSED_VARIABLE = YES;
				IPHONEOS_DEPLOYMENT_TARGET = 12.1;
				MTL_ENABLE_DEBUG_INFO = NO;
				MTL_FAST_MATH = YES;
				SDKROOT = iphoneos;
				SWIFT_COMPILATION_MODE = wholemodule;
				SWIFT_OPTIMIZATION_LEVEL = "-O";
				VALIDATE_PRODUCT = YES;
			};
			name = Release;
		};
		92DA1D062217FF5D00454B05 /* Debug */ = {
			isa = XCBuildConfiguration;
			baseConfigurationReference = C3693213D5DEA70FB4E25C17 /* Pods-e-commerce.debug.xcconfig */;
			buildSettings = {
				ASSETCATALOG_COMPILER_APPICON_NAME = AppIcon;
				CODE_SIGN_STYLE = Automatic;
				DEVELOPMENT_TEAM = 3G95JV9S9H;
				INFOPLIST_FILE = "e-commerce/Info.plist";
				LD_RUNPATH_SEARCH_PATHS = (
					"$(inherited)",
					"@executable_path/Frameworks",
				);
				PRODUCT_BUNDLE_IDENTIFIER = "com.AmanChawla.e-commerce";
				PRODUCT_NAME = "$(TARGET_NAME)";
				SWIFT_VERSION = 4.2;
				TARGETED_DEVICE_FAMILY = "1,2";
			};
			name = Debug;
		};
		92DA1D072217FF5D00454B05 /* Release */ = {
			isa = XCBuildConfiguration;
			baseConfigurationReference = 568B29E74468A7BF56C2460D /* Pods-e-commerce.release.xcconfig */;
			buildSettings = {
				ASSETCATALOG_COMPILER_APPICON_NAME = AppIcon;
				CODE_SIGN_STYLE = Automatic;
				DEVELOPMENT_TEAM = 3G95JV9S9H;
				INFOPLIST_FILE = "e-commerce/Info.plist";
				LD_RUNPATH_SEARCH_PATHS = (
					"$(inherited)",
					"@executable_path/Frameworks",
				);
				PRODUCT_BUNDLE_IDENTIFIER = "com.AmanChawla.e-commerce";
				PRODUCT_NAME = "$(TARGET_NAME)";
				SWIFT_VERSION = 4.2;
				TARGETED_DEVICE_FAMILY = "1,2";
			};
			name = Release;
		};
/* End XCBuildConfiguration section */

/* Begin XCConfigurationList section */
		92DA1CEE2217FF5C00454B05 /* Build configuration list for PBXProject "e-commerce" */ = {
			isa = XCConfigurationList;
			buildConfigurations = (
				92DA1D032217FF5D00454B05 /* Debug */,
				92DA1D042217FF5D00454B05 /* Release */,
			);
			defaultConfigurationIsVisible = 0;
			defaultConfigurationName = Release;
		};
		92DA1D052217FF5D00454B05 /* Build configuration list for PBXNativeTarget "e-commerce" */ = {
			isa = XCConfigurationList;
			buildConfigurations = (
				92DA1D062217FF5D00454B05 /* Debug */,
				92DA1D072217FF5D00454B05 /* Release */,
			);
			defaultConfigurationIsVisible = 0;
			defaultConfigurationName = Release;
		};
/* End XCConfigurationList section */
	};
	rootObject = 92DA1CEB2217FF5C00454B05 /* Project object */;
}
